
Microsoft Visual Studio Solution File, Format Version 12.00
# Visual Studio Version 16
VisualStudioVersion = 16.0.28803.352
MinimumVisualStudioVersion = 10.0.40219.1
Project("{9A19103F-16F7-4668-BE54-9A1E7A4F7556}") = "Z21", "Z21\Z21.csproj", "{FB523201-51AC-4B2D-BD59-7BDF3C9C7E73}"
EndProject
Project("{9A19103F-16F7-4668-BE54-9A1E7A4F7556}") = "Z21Console", "Z21Console\Z21Console.csproj", "{62325576-137B-4517-82E4-71A5FF35D66E}"
EndProject
Project("{9A19103F-16F7-4668-BE54-9A1E7A4F7556}") = "TrainControllerUI", "TrainControllerUI\TrainControllerUI.csproj", "{291B6439-3CF2-4DB5-9147-D2C559901D46}"
EndProject
Project("{9A19103F-16F7-4668-BE54-9A1E7A4F7556}") = "TrainRepository", "TrainRepository\TrainRepository.csproj", "{B75889E6-5118-4EDD-AD15-BB57F7B3AC72}"
EndProject
Project("{9A19103F-16F7-4668-BE54-9A1E7A4F7556}") = "TrainUI", "TrainUI\TrainUI.csproj", "{D93AA7AC-6125-4B75-BE3D-749FDBA35EB8}"
EndProject
Project("{FAE04EC0-301F-11D3-BF4B-00C04F79EFBC}") = "Track", "Track\Track.csproj", "{A4B2CAE6-3113-4E6F-A542-1DDA401BC11F}"
EndProject
Project("{FAE04EC0-301F-11D3-BF4B-00C04F79EFBC}") = "TrackTester", "TrackTester\TrackTester.csproj", "{7301F15A-B7F7-42DA-9486-5362EE01D972}"
EndProject
Project("{8BC9CEB8-8B4A-11D0-8D11-00A0C91BC942}") = "TrainControllerArduino", "TrainControllerArduino\TrainControllerArduino.vcxproj", "{C5F80730-F44F-4478-BDAE-6634EFC2CA88}"
EndProject
Project("{FAE04EC0-301F-11D3-BF4B-00C04F79EFBC}") = "TrainControllerArduinoTester", "TrainControllerArduinoTester\TrainControllerArduinoTester.csproj", "{3DA53566-C313-46F7-8A7D-DDC8BC578CF6}"
EndProject
Global
	GlobalSection(SolutionConfigurationPlatforms) = preSolution
		Debug|Any CPU = Debug|Any CPU
		Debug|x86 = Debug|x86
		Release|Any CPU = Release|Any CPU
		Release|x86 = Release|x86
	EndGlobalSection
	GlobalSection(ProjectConfigurationPlatforms) = postSolution
		{FB523201-51AC-4B2D-BD59-7BDF3C9C7E73}.Debug|Any CPU.ActiveCfg = Debug|Any CPU
		{FB523201-51AC-4B2D-BD59-7BDF3C9C7E73}.Debug|Any CPU.Build.0 = Debug|Any CPU
		{FB523201-51AC-4B2D-BD59-7BDF3C9C7E73}.Debug|x86.ActiveCfg = Debug|Any CPU
		{FB523201-51AC-4B2D-BD59-7BDF3C9C7E73}.Debug|x86.Build.0 = Debug|Any CPU
		{FB523201-51AC-4B2D-BD59-7BDF3C9C7E73}.Release|Any CPU.ActiveCfg = Release|Any CPU
		{FB523201-51AC-4B2D-BD59-7BDF3C9C7E73}.Release|Any CPU.Build.0 = Release|Any CPU
		{FB523201-51AC-4B2D-BD59-7BDF3C9C7E73}.Release|x86.ActiveCfg = Release|Any CPU
		{FB523201-51AC-4B2D-BD59-7BDF3C9C7E73}.Release|x86.Build.0 = Release|Any CPU
		{62325576-137B-4517-82E4-71A5FF35D66E}.Debug|Any CPU.ActiveCfg = Debug|Any CPU
		{62325576-137B-4517-82E4-71A5FF35D66E}.Debug|Any CPU.Build.0 = Debug|Any CPU
		{62325576-137B-4517-82E4-71A5FF35D66E}.Debug|x86.ActiveCfg = Debug|Any CPU
		{62325576-137B-4517-82E4-71A5FF35D66E}.Debug|x86.Build.0 = Debug|Any CPU
		{62325576-137B-4517-82E4-71A5FF35D66E}.Release|Any CPU.ActiveCfg = Release|Any CPU
		{62325576-137B-4517-82E4-71A5FF35D66E}.Release|Any CPU.Build.0 = Release|Any CPU
		{62325576-137B-4517-82E4-71A5FF35D66E}.Release|x86.ActiveCfg = Release|Any CPU
		{62325576-137B-4517-82E4-71A5FF35D66E}.Release|x86.Build.0 = Release|Any CPU
		{291B6439-3CF2-4DB5-9147-D2C559901D46}.Debug|Any CPU.ActiveCfg = Debug|Any CPU
		{291B6439-3CF2-4DB5-9147-D2C559901D46}.Debug|Any CPU.Build.0 = Debug|Any CPU
		{291B6439-3CF2-4DB5-9147-D2C559901D46}.Debug|x86.ActiveCfg = Debug|Any CPU
		{291B6439-3CF2-4DB5-9147-D2C559901D46}.Debug|x86.Build.0 = Debug|Any CPU
		{291B6439-3CF2-4DB5-9147-D2C559901D46}.Release|Any CPU.ActiveCfg = Release|Any CPU
		{291B6439-3CF2-4DB5-9147-D2C559901D46}.Release|Any CPU.Build.0 = Release|Any CPU
		{291B6439-3CF2-4DB5-9147-D2C559901D46}.Release|x86.ActiveCfg = Release|Any CPU
		{291B6439-3CF2-4DB5-9147-D2C559901D46}.Release|x86.Build.0 = Release|Any CPU
		{B75889E6-5118-4EDD-AD15-BB57F7B3AC72}.Debug|Any CPU.ActiveCfg = Debug|Any CPU
		{B75889E6-5118-4EDD-AD15-BB57F7B3AC72}.Debug|Any CPU.Build.0 = Debug|Any CPU
		{B75889E6-5118-4EDD-AD15-BB57F7B3AC72}.Debug|x86.ActiveCfg = Debug|Any CPU
		{B75889E6-5118-4EDD-AD15-BB57F7B3AC72}.Debug|x86.Build.0 = Debug|Any CPU
		{B75889E6-5118-4EDD-AD15-BB57F7B3AC72}.Release|Any CPU.ActiveCfg = Release|Any CPU
		{B75889E6-5118-4EDD-AD15-BB57F7B3AC72}.Release|Any CPU.Build.0 = Release|Any CPU
		{B75889E6-5118-4EDD-AD15-BB57F7B3AC72}.Release|x86.ActiveCfg = Release|Any CPU
		{B75889E6-5118-4EDD-AD15-BB57F7B3AC72}.Release|x86.Build.0 = Release|Any CPU
		{D93AA7AC-6125-4B75-BE3D-749FDBA35EB8}.Debug|Any CPU.ActiveCfg = Debug|Any CPU
		{D93AA7AC-6125-4B75-BE3D-749FDBA35EB8}.Debug|Any CPU.Build.0 = Debug|Any CPU
		{D93AA7AC-6125-4B75-BE3D-749FDBA35EB8}.Debug|x86.ActiveCfg = Debug|Any CPU
		{D93AA7AC-6125-4B75-BE3D-749FDBA35EB8}.Debug|x86.Build.0 = Debug|Any CPU
		{D93AA7AC-6125-4B75-BE3D-749FDBA35EB8}.Release|Any CPU.ActiveCfg = Release|Any CPU
		{D93AA7AC-6125-4B75-BE3D-749FDBA35EB8}.Release|Any CPU.Build.0 = Release|Any CPU
		{D93AA7AC-6125-4B75-BE3D-749FDBA35EB8}.Release|x86.ActiveCfg = Release|Any CPU
		{D93AA7AC-6125-4B75-BE3D-749FDBA35EB8}.Release|x86.Build.0 = Release|Any CPU
		{C5F80730-F44F-4478-BDAE-6634EFC2CA88}.Debug|Any CPU.ActiveCfg = Debug|Win32
		{C5F80730-F44F-4478-BDAE-6634EFC2CA88}.Debug|x86.ActiveCfg = Debug|Win32
		{C5F80730-F44F-4478-BDAE-6634EFC2CA88}.Debug|x86.Build.0 = Debug|Win32
		{C5F80730-F44F-4478-BDAE-6634EFC2CA88}.Release|Any CPU.ActiveCfg = Release|Win32
		{C5F80730-F44F-4478-BDAE-6634EFC2CA88}.Release|x86.ActiveCfg = Release|Win32
		{C5F80730-F44F-4478-BDAE-6634EFC2CA88}.Release|x86.Build.0 = Release|Win32
		{3DA53566-C313-46F7-8A7D-DDC8BC578CF6}.Debug|Any CPU.ActiveCfg = Debug|Any CPU
		{3DA53566-C313-46F7-8A7D-DDC8BC578CF6}.Debug|Any CPU.Build.0 = Debug|Any CPU
		{3DA53566-C313-46F7-8A7D-DDC8BC578CF6}.Debug|x86.ActiveCfg = Debug|Any CPU
		{3DA53566-C313-46F7-8A7D-DDC8BC578CF6}.Debug|x86.Build.0 = Debug|Any CPU
		{3DA53566-C313-46F7-8A7D-DDC8BC578CF6}.Release|Any CPU.ActiveCfg = Release|Any CPU
		{3DA53566-C313-46F7-8A7D-DDC8BC578CF6}.Release|Any CPU.Build.0 = Release|Any CPU
		{3DA53566-C313-46F7-8A7D-DDC8BC578CF6}.Release|x86.ActiveCfg = Release|Any CPU
		{3DA53566-C313-46F7-8A7D-DDC8BC578CF6}.Release|x86.Build.0 = Release|Any CPU
		{A4B2CAE6-3113-4E6F-A542-1DDA401BC11F}.Debug|Any CPU.ActiveCfg = Debug|Any CPU
		{A4B2CAE6-3113-4E6F-A542-1DDA401BC11F}.Debug|Any CPU.Build.0 = Debug|Any CPU
		{A4B2CAE6-3113-4E6F-A542-1DDA401BC11F}.Release|Any CPU.ActiveCfg = Release|Any CPU
		{A4B2CAE6-3113-4E6F-A542-1DDA401BC11F}.Release|Any CPU.Build.0 = Release|Any CPU
		{7301F15A-B7F7-42DA-9486-5362EE01D972}.Debug|Any CPU.ActiveCfg = Debug|Any CPU
		{7301F15A-B7F7-42DA-9486-5362EE01D972}.Debug|Any CPU.Build.0 = Debug|Any CPU
		{7301F15A-B7F7-42DA-9486-5362EE01D972}.Release|Any CPU.ActiveCfg = Release|Any CPU
		{7301F15A-B7F7-42DA-9486-5362EE01D972}.Release|Any CPU.Build.0 = Release|Any CPU
	EndGlobalSection
	GlobalSection(SolutionProperties) = preSolution
		HideSolutionNode = FALSE
	EndGlobalSection
	GlobalSection(ExtensibilityGlobals) = postSolution
		SolutionGuid = {2731F854-94D6-4D40-AC18-838EA88ED009}
	EndGlobalSection
EndGlobal
